
Microsoft Visual Studio Solution File, Format Version 12.00
# Visual Studio Version 17
VisualStudioVersion = 17.11.35312.102
MinimumVisualStudioVersion = 10.0.40219.1
Project("{FAE04EC0-301F-11D3-BF4B-00C04F79EFBC}") = "ApiRestful", "ApiRestful\ApiRestful.csproj", "{FEB1A00A-7419-4DE5-82C1-F9B3172EB1B8}"
EndProject
Global
	GlobalSection(SolutionConfigurationPlatforms) = preSolution
		Debug|Any CPU = Debug|Any CPU
		Release|Any CPU = Release|Any CPU
	EndGlobalSection
	GlobalSection(ProjectConfigurationPlatforms) = postSolution
		{FEB1A00A-7419-4DE5-82C1-F9B3172EB1B8}.Debug|Any CPU.ActiveCfg = Debug|Any CPU
		{FEB1A00A-7419-4DE5-82C1-F9B3172EB1B8}.Debug|Any CPU.Build.0 = Debug|Any CPU
		{FEB1A00A-7419-4DE5-82C1-F9B3172EB1B8}.Release|Any CPU.ActiveCfg = Release|Any CPU
		{FEB1A00A-7419-4DE5-82C1-F9B3172EB1B8}.Release|Any CPU.Build.0 = Release|Any CPU
	EndGlobalSection
	GlobalSection(SolutionProperties) = preSolution
		HideSolutionNode = FALSE
	EndGlobalSection
	GlobalSection(ExtensibilityGlobals) = postSolution
		SolutionGuid = {A9F72CF1-8991-48B3-A763-636166742B3D}
	EndGlobalSection
EndGlobal
